Microsoft Visual Studio Solution File, Format Version 12.00
# Visual Studio Version 17
VisualStudioVersion = 17.5.2.0
MinimumVisualStudioVersion = 10.0.40219.1
Project("{FAE04EC0-301F-11D3-BF4B-00C04F79EFBC}") = "GrapheneTrace", "GrapheneTrace\GrapheneTrace.csproj", "{4F74408D-C634-3768-52F7-16DBB01B35BD}"
EndProject
Global
	GlobalSection(SolutionConfigurationPlatforms) = preSolution
		Debug|Any CPU = Debug|Any CPU
		Release|Any CPU = Release|Any CPU
	EndGlobalSection
	GlobalSection(ProjectConfigurationPlatforms) = postSolution
		{4F74408D-C634-3768-52F7-16DBB01B35BD}.Debug|Any CPU.ActiveCfg = Debug|Any CPU
		{4F74408D-C634-3768-52F7-16DBB01B35BD}.Debug|Any CPU.Build.0 = Debug|Any CPU
		{4F74408D-C634-3768-52F7-16DBB01B35BD}.Release|Any CPU.ActiveCfg = Release|Any CPU
		{4F74408D-C634-3768-52F7-16DBB01B35BD}.Release|Any CPU.Build.0 = Release|Any CPU
	EndGlobalSection
	GlobalSection(SolutionProperties) = preSolution
		HideSolutionNode = FALSE
	EndGlobalSection
	GlobalSection(ExtensibilityGlobals) = postSolution
		SolutionGuid = {AD3207EB-70BC-44CF-B972-11FC80B9E973}
	EndGlobalSection
EndGlobal
